
Microsoft Visual Studio Solution File, Format Version 9.00
# Visual Studio 2005
Project("{2150E333-8FDC-42A3-9474-1A3956D46DE8}") = "Applications", "Applications", "{AB87D8E2-FCD3-4670-ABD9-9776A47B6967}"
EndProject
Project("{FAE04EC0-301F-11D3-BF4B-00C04F79EFBC}") = "CS101 Callback Demo VS2005", "Source\CS101 Callback Demo\CS101 Callback Demo VS2005.csproj", "{16EFD0B8-36A9-40B8-920C-9C050FDC1337}"
EndProject
Global
	GlobalSection(SolutionConfigurationPlatforms) = preSolution
		Debug|Any CPU = Debug|Any CPU
		Debug|x86 = Debug|x86
		Release|Any CPU = Release|Any CPU
		Release|x86 = Release|x86
		VS2005 Release|Any CPU = VS2005 Release|Any CPU
		VS2005 Release|x86 = VS2005 Release|x86
	EndGlobalSection
	GlobalSection(ProjectConfigurationPlatforms) = postSolution
		{16EFD0B8-36A9-40B8-920C-9C050FDC1337}.Debug|Any CPU.ActiveCfg = VS2005 Release|Any CPU
		{16EFD0B8-36A9-40B8-920C-9C050FDC1337}.Debug|Any CPU.Build.0 = VS2005 Release|Any CPU
		{16EFD0B8-36A9-40B8-920C-9C050FDC1337}.Debug|Any CPU.Deploy.0 = VS2005 Release|Any CPU
		{16EFD0B8-36A9-40B8-920C-9C050FDC1337}.Debug|x86.ActiveCfg = VS2005 Release|Any CPU
		{16EFD0B8-36A9-40B8-920C-9C050FDC1337}.Release|Any CPU.ActiveCfg = VS2005 Release|Any CPU
		{16EFD0B8-36A9-40B8-920C-9C050FDC1337}.Release|Any CPU.Build.0 = VS2005 Release|Any CPU
		{16EFD0B8-36A9-40B8-920C-9C050FDC1337}.Release|Any CPU.Deploy.0 = VS2005 Release|Any CPU
		{16EFD0B8-36A9-40B8-920C-9C050FDC1337}.Release|x86.ActiveCfg = VS2005 Release|Any CPU
		{16EFD0B8-36A9-40B8-920C-9C050FDC1337}.VS2005 Release|Any CPU.ActiveCfg = VS2005 Release|Any CPU
		{16EFD0B8-36A9-40B8-920C-9C050FDC1337}.VS2005 Release|Any CPU.Build.0 = VS2005 Release|Any CPU
		{16EFD0B8-36A9-40B8-920C-9C050FDC1337}.VS2005 Release|Any CPU.Deploy.0 = VS2005 Release|Any CPU
		{16EFD0B8-36A9-40B8-920C-9C050FDC1337}.VS2005 Release|x86.ActiveCfg = VS2005 Release|Any CPU
	EndGlobalSection
	GlobalSection(SolutionProperties) = preSolution
		HideSolutionNode = FALSE
	EndGlobalSection
	GlobalSection(NestedProjects) = preSolution
		{16EFD0B8-36A9-40B8-920C-9C050FDC1337} = {AB87D8E2-FCD3-4670-ABD9-9776A47B6967}
	EndGlobalSection
	GlobalSection(ExtensibilityGlobals) = postSolution
		VisualSVNWorkingCopyRoot = .
	EndGlobalSection
EndGlobal
